
Microsoft Visual Studio Solution File, Format Version 12.00
# Visual Studio Version 16
VisualStudioVersion = 16.0.29911.84
MinimumVisualStudioVersion = 10.0.40219.1
Project("{FAE04EC0-301F-11D3-BF4B-00C04F79EFBC}") = "Routledge_Assignment_3", "Routledge_Assignment_3.csproj", "{29DFF593-4F4B-4383-84EA-28540CE77D96}"
EndProject
Global
	GlobalSection(SolutionConfigurationPlatforms) = preSolution
		Debug|Any CPU = Debug|Any CPU
		Release|Any CPU = Release|Any CPU
	EndGlobalSection
	GlobalSection(ProjectConfigurationPlatforms) = postSolution
		{29DFF593-4F4B-4383-84EA-28540CE77D96}.Debug|Any CPU.ActiveCfg = Debug|Any CPU
		{29DFF593-4F4B-4383-84EA-28540CE77D96}.Debug|Any CPU.Build.0 = Debug|Any CPU
		{29DFF593-4F4B-4383-84EA-28540CE77D96}.Release|Any CPU.ActiveCfg = Release|Any CPU
		{29DFF593-4F4B-4383-84EA-28540CE77D96}.Release|Any CPU.Build.0 = Release|Any CPU
	EndGlobalSection
	GlobalSection(SolutionProperties) = preSolution
		HideSolutionNode = FALSE
	EndGlobalSection
	GlobalSection(ExtensibilityGlobals) = postSolution
		SolutionGuid = {14554627-A9D1-40D3-B794-0583392CDB27}
	EndGlobalSection
EndGlobal
